# This file is generated by running "yarn install" inside your project.
# Manual changes might be lost - proceed with caution!

__metadata:
  version: 6
  cacheKey: 8

"@comunica/actor-abstract-mediatyped@npm:^2.2.0":
  version: 2.2.0
  resolution: "@comunica/actor-abstract-mediatyped@npm:2.2.0"
  dependencies:
    "@comunica/core": ^2.2.0
  checksum: 13972a365aba0f97c28328d26cc11b916c8fea585539ab3b3c0e01654e564ce43c1eda2f4f5469c98fe07b7cfc915f1dcc3c7b1b1f05c2fc7ebce3e30d7d2649
  languageName: node
  linkType: hard

"@comunica/actor-abstract-parse@npm:^2.2.0":
  version: 2.2.0
  resolution: "@comunica/actor-abstract-parse@npm:2.2.0"
  dependencies:
    "@comunica/actor-abstract-mediatyped": ^2.2.0
    "@comunica/core": ^2.2.0
  checksum: ac89ce8f525facd8c82db78ad7e5b71fe9526469a39cd65a1d8cf519c23f0a52c7ee545959d08fe260ecdf389bb6b3da3a07d703a1a0694c3635ae206fa8ace2
  languageName: node
  linkType: hard

"@comunica/actor-http-fetch@npm:^2.0.1":
  version: 2.2.1
  resolution: "@comunica/actor-http-fetch@npm:2.2.1"
  dependencies:
    "@comunica/bus-http": ^2.2.0
    "@comunica/context-entries": ^2.2.0
    "@comunica/core": ^2.2.0
    "@comunica/mediatortype-time": ^2.2.0
    cross-fetch: ^3.0.5
  checksum: 2a7b94dde22bc0a3539bd26d31d06744276593dc23ed1e665f29c2b8edbba8f1cd16e17b65c1c5b9db08d60a0becef4d04a2ea6338ab72649d294870ad05ce54
  languageName: node
  linkType: hard

"@comunica/actor-http-proxy@npm:^2.0.1":
  version: 2.2.0
  resolution: "@comunica/actor-http-proxy@npm:2.2.0"
  dependencies:
    "@comunica/bus-http": ^2.2.0
    "@comunica/context-entries": ^2.2.0
    "@comunica/core": ^2.2.0
    "@comunica/mediatortype-time": ^2.2.0
    "@comunica/types": ^2.2.0
  checksum: f8d92e1dc23f093811b22001923cacaa9444053463cfd24764d89a3e43cadc3c4f090696137e4954267e6aeb3cc72b3866bf8aaa488bfbd04de39acc7543a41e
  languageName: node
  linkType: hard

"@comunica/actor-rdf-parse-html-microdata@npm:^2.0.1":
  version: 2.2.0
  resolution: "@comunica/actor-rdf-parse-html-microdata@npm:2.2.0"
  dependencies:
    "@comunica/bus-rdf-parse-html": ^2.2.0
    "@comunica/core": ^2.2.0
    microdata-rdf-streaming-parser: ^1.2.0
  checksum: 0b69308a8d258c0a220da42b3632ce197e9f9e11a6917ee9510fa32d69a0870dcd3895be2412282f94d13bb2836aee197805d0b3fbdfe5fbc68696d9fe21c126
  languageName: node
  linkType: hard

"@comunica/actor-rdf-parse-html-rdfa@npm:^2.0.1":
  version: 2.2.0
  resolution: "@comunica/actor-rdf-parse-html-rdfa@npm:2.2.0"
  dependencies:
    "@comunica/bus-rdf-parse-html": ^2.2.0
    "@comunica/core": ^2.2.0
    rdfa-streaming-parser: ^1.5.0
  checksum: 21473e13dad543e6ac35f5dbadc84a6e40c5ae8e1d1b70ecba3a22f545aed2d1565f3b4230726d50ff1eff4645a007437d8f2e6f2e012c9ec122f70b2ef07895
  languageName: node
  linkType: hard

"@comunica/actor-rdf-parse-html-script@npm:^2.0.1":
  version: 2.2.0
  resolution: "@comunica/actor-rdf-parse-html-script@npm:2.2.0"
  dependencies:
    "@comunica/bus-rdf-parse": ^2.2.0
    "@comunica/bus-rdf-parse-html": ^2.2.0
    "@comunica/context-entries": ^2.2.0
    "@comunica/core": ^2.2.0
    "@rdfjs/types": "*"
    relative-to-absolute-iri: ^1.0.5
  checksum: 779344401a69f2a268216d67c8be587a0be87c688013e258a44ae5d575b27420fab02a7aead2b10d3d7e10ead55d17a083686a4b45b0547404bcee69ce241179
  languageName: node
  linkType: hard

"@comunica/actor-rdf-parse-html@npm:^2.0.1":
  version: 2.2.0
  resolution: "@comunica/actor-rdf-parse-html@npm:2.2.0"
  dependencies:
    "@comunica/bus-rdf-parse": ^2.2.0
    "@comunica/bus-rdf-parse-html": ^2.2.0
    "@comunica/core": ^2.2.0
    "@rdfjs/types": "*"
    htmlparser2: ^7.0.0
  checksum: 93e8fd7a705979bf1123e4f90ec281cbab0dc437f93ba7bc2c0bc407a0869a27d9a74ab89f43e5ea5bbd7d3ff432fc4fe4492b97bae7a0d4c27c3ac0c24cdfb8
  languageName: node
  linkType: hard

"@comunica/actor-rdf-parse-jsonld@npm:^2.0.1":
  version: 2.2.0
  resolution: "@comunica/actor-rdf-parse-jsonld@npm:2.2.0"
  dependencies:
    "@comunica/bus-http": ^2.2.0
    "@comunica/bus-rdf-parse": ^2.2.0
    "@comunica/context-entries": ^2.2.0
    "@comunica/core": ^2.2.0
    "@rdfjs/types": "*"
    jsonld-context-parser: ^2.1.5
    jsonld-streaming-parser: ^2.4.2
    stream-to-string: ^1.2.0
  checksum: 1a71d6f368ec64b189b4d9dc5837541c2af0c910fd0754cde0dc0431aa46e8d3b4104e2c7cfa525a808aec246efe65a4bd099d270bab6409690e5b6a7263ca32
  languageName: node
  linkType: hard

"@comunica/actor-rdf-parse-n3@npm:^2.0.1":
  version: 2.2.0
  resolution: "@comunica/actor-rdf-parse-n3@npm:2.2.0"
  dependencies:
    "@comunica/bus-rdf-parse": ^2.2.0
    "@comunica/core": ^2.2.0
    "@types/n3": ^1.4.4
    n3: ^1.6.3
  checksum: 9eb2f6ca1f6098584ebc5e771514bdb44901641e261788e5db713a8d9a02b7f16e3c2667e85211076f243511f4c2b784a2c179793ebe16c0e7888d1311e78ad3
  languageName: node
  linkType: hard

"@comunica/actor-rdf-parse-rdfxml@npm:^2.0.1":
  version: 2.2.0
  resolution: "@comunica/actor-rdf-parse-rdfxml@npm:2.2.0"
  dependencies:
    "@comunica/bus-rdf-parse": ^2.2.0
    "@comunica/core": ^2.2.0
    rdfxml-streaming-parser: ^1.5.0
  checksum: 6a70c21a5fb9c1bdd0de738ce9032f3c7874ff7cfd449d36bb2c6978391dd318d2d0d95b26b15ffdb5d14f46bf4ec4ad2c20e0b20634d541cc31c64329f949c2
  languageName: node
  linkType: hard

"@comunica/actor-rdf-parse-xml-rdfa@npm:^2.0.1":
  version: 2.2.0
  resolution: "@comunica/actor-rdf-parse-xml-rdfa@npm:2.2.0"
  dependencies:
    "@comunica/bus-rdf-parse": ^2.2.0
    "@comunica/core": ^2.2.0
    rdfa-streaming-parser: ^1.5.0
  checksum: 2dd66ef2dd6e24d250165d39cfd5bde273835df0dcadeb30a609db36c4028e0c286946757652aca8ccb7fcf19e3deef3e61bcd2057195bf30b6f798ac734adef
  languageName: node
  linkType: hard

"@comunica/bus-http@npm:^2.0.1, @comunica/bus-http@npm:^2.2.0":
  version: 2.2.0
  resolution: "@comunica/bus-http@npm:2.2.0"
  dependencies:
    "@comunica/context-entries": ^2.2.0
    "@comunica/core": ^2.2.0
    "@types/readable-stream": ^2.3.11
    is-stream: ^2.0.0
    readable-web-to-node-stream: ^3.0.2
    web-streams-node: ^0.4.0
  checksum: 0643a01ee865fd7f6b5bb318c5eefc71742b8bad88cbefd14918a3870564e16b2bc6ec18ff69de586641553b42d9ab64049915606acbf7ac343d22171a279906
  languageName: node
  linkType: hard

"@comunica/bus-init@npm:^2.0.1":
  version: 2.2.0
  resolution: "@comunica/bus-init@npm:2.2.0"
  dependencies:
    "@comunica/core": ^2.2.0
  checksum: f0e28dac2ec6cf0d393921e01889c2f6e3136164ce5330e420e60a5afb521578743c3cfb6938396ca596cf89fe6f1816726fdcb6637e7f6e0438b14c4d1dd89d
  languageName: node
  linkType: hard

"@comunica/bus-rdf-parse-html@npm:^2.0.1, @comunica/bus-rdf-parse-html@npm:^2.2.0":
  version: 2.2.0
  resolution: "@comunica/bus-rdf-parse-html@npm:2.2.0"
  dependencies:
    "@comunica/core": ^2.2.0
    "@rdfjs/types": "*"
  checksum: e0724c8a7b32a3490cf83e224897fb4152a1ca6794682238a0d551abc21cc7d7a7db45c04c1eac6080c62c4e3a029fad389b5588e9ec1e5aee718c349f9c480c
  languageName: node
  linkType: hard

"@comunica/bus-rdf-parse@npm:^2.0.1, @comunica/bus-rdf-parse@npm:^2.2.0":
  version: 2.2.0
  resolution: "@comunica/bus-rdf-parse@npm:2.2.0"
  dependencies:
    "@comunica/actor-abstract-mediatyped": ^2.2.0
    "@comunica/actor-abstract-parse": ^2.2.0
    "@comunica/core": ^2.2.0
    "@rdfjs/types": "*"
  checksum: 37ede12ec4d72e5e330c9cda65a1fd152859a1cff00ba9e7467ae4717c5a33a7c848306b10320a9b242323256209543cbf14320be2d725393afe1b5ed5976742
  languageName: node
  linkType: hard

"@comunica/config-query-sparql@npm:^2.0.1":
  version: 2.2.0
  resolution: "@comunica/config-query-sparql@npm:2.2.0"
  checksum: dad1e7453f3c6ec4207e9d492d41584575a6bcfb60d2074dea097ec95f4141baf7f9aa53e1240121902f6068e886ee72a98fd2f4addc990ca4ed334b1258977b
  languageName: node
  linkType: hard

"@comunica/context-entries@npm:^2.2.0":
  version: 2.2.0
  resolution: "@comunica/context-entries@npm:2.2.0"
  dependencies:
    "@comunica/core": ^2.2.0
    "@comunica/types": ^2.2.0
    jsonld-context-parser: ^2.1.5
  checksum: 08f791f6ffb498c8c7e402a9344c5e6b4bb4e8591d80bf7ad19ba749cce7f2d9f708b06154835a205f1fb09222e3c828847872fc956a772a7c62b5c54c2b8c8f
  languageName: node
  linkType: hard

"@comunica/core@npm:^2.0.1, @comunica/core@npm:^2.2.0":
  version: 2.2.0
  resolution: "@comunica/core@npm:2.2.0"
  dependencies:
    "@comunica/types": ^2.2.0
    immutable: ^4.0.0
  checksum: 4db72c214a22793d1215924b67ebc60406017aaae11a98e0ea15c56a82f93b4757aaea09bfbbbd429bbded1d804f2f68f86c7f1a8ad4d506447503541a6b2409
  languageName: node
  linkType: hard

"@comunica/mediator-combine-pipeline@npm:^2.0.1":
  version: 2.2.0
  resolution: "@comunica/mediator-combine-pipeline@npm:2.2.0"
  dependencies:
    "@comunica/core": ^2.2.0
  checksum: 8999d2a612052dd0bcb4ec790eb9fa2cc77bd3cf65643ea199ffde8caf44596d34eda07f896ca1f49b41211aeea985996cb11a21b1fbcd39714864aa72f2f9e2
  languageName: node
  linkType: hard

"@comunica/mediator-combine-union@npm:^2.0.1":
  version: 2.2.0
  resolution: "@comunica/mediator-combine-union@npm:2.2.0"
  dependencies:
    "@comunica/core": ^2.2.0
  checksum: 5ca5054578bef75c1a57524f3500818a5eeedc94613071c2dc429076a953080632cfaece5d7435e62f29747fdafd07ef85895279f4e55140ae5ef98ff0320501
  languageName: node
  linkType: hard

"@comunica/mediator-number@npm:^2.0.1":
  version: 2.2.0
  resolution: "@comunica/mediator-number@npm:2.2.0"
  dependencies:
    "@comunica/core": ^2.2.0
  checksum: 6093299a3b917189c650887093d8036c72e93a1390b68cbc1e5bad3df835efa5a6ab52c0a0b2ec10b49989ad31b83d198c38fb083552945cdd2d0b455b1c81c6
  languageName: node
  linkType: hard

"@comunica/mediator-race@npm:^2.0.1":
  version: 2.2.0
  resolution: "@comunica/mediator-race@npm:2.2.0"
  dependencies:
    "@comunica/core": ^2.2.0
  checksum: 612932fc338a9554866a3392c1c4d8d65a953918b7333b6d62e6a9ea0338bad5777f717f5432fb43ab899c2755d5c3f80003abfdede90b16c55b0f26fc45f884
  languageName: node
  linkType: hard

"@comunica/mediatortype-time@npm:^2.2.0":
  version: 2.2.0
  resolution: "@comunica/mediatortype-time@npm:2.2.0"
  dependencies:
    "@comunica/core": ^2.2.0
  checksum: 4d7573bbd6fed7161faba276df1e84b09776ffceedd9c38335cc327236de2ded8bc6298b5495bcdeea7241bd24caf89b4653ef4e9b9a2df231e4f55fbff0cddd
  languageName: node
  linkType: hard

"@comunica/types@npm:^2.2.0":
  version: 2.2.0
  resolution: "@comunica/types@npm:2.2.0"
  dependencies:
    "@rdfjs/types": ">=1.1.0"
    "@types/yargs": ^17.0.2
    asynciterator: ^3.3.0
    sparqlalgebrajs: ^4.0.0
  checksum: 9e083850cde0d021a78d7ff3b99c64313aafc88154cb9f5dc1ddf160129e343e03dbbbb32e83c6a76147e77670424c2d94d49a3d1ddd27663842cd853e5888be
  languageName: node
  linkType: hard

"@rdfjs/types@npm:*, @rdfjs/types@npm:>=1.1.0":
  version: 1.1.0
  resolution: "@rdfjs/types@npm:1.1.0"
  dependencies:
    "@types/node": "*"
  checksum: 68fad6328a0115158a83abb01890997e8d90538ddd6db32530dc19e2761c28cce0a503b1f1506670bc98eff16fd20e542c6fb203adf37912eb9dc616766e677e
  languageName: node
  linkType: hard

"@types/http-link-header@npm:^1.0.1":
  version: 1.0.3
  resolution: "@types/http-link-header@npm:1.0.3"
  dependencies:
    "@types/node": "*"
  checksum: 4fcaef6be196c301988db473a3b8fd3cd4622acb87935c6ec38fa772b98bbb24e78556ceab8061de786f3ebbe75c23052e3289646d624e506f07e29abbe63939
  languageName: node
  linkType: hard

"@types/n3@npm:^1.4.4":
  version: 1.10.4
  resolution: "@types/n3@npm:1.10.4"
  dependencies:
    "@types/node": "*"
    rdf-js: ^4.0.2
  checksum: 3ce3de11131c7fab3bb5a3dbc7d409bb4606d8366a58abcb1bbeb330a3226ea4e2d8de895e2865282defabf2d720a92fca26c656101d78efb3258dfabd54d533
  languageName: node
  linkType: hard

"@types/node@npm:*":
  version: 17.0.35
  resolution: "@types/node@npm:17.0.35"
  checksum: 7a24946ae7fd20267ed92466384f594e448bfb151081158d565cc635d406ecb29ea8fb85fcd2a1f71efccf26fb5bd3c6f509bde56077eb8b832b847a6664bc62
  languageName: node
  linkType: hard

"@types/node@npm:^13.1.0":
  version: 13.13.52
  resolution: "@types/node@npm:13.13.52"
  checksum: 8f1afff497ebeba209e2dc340d823284e087a47632afe99a7daa30eaff80893e520f222ad400cd1f2d3b8288e93cf3eaded52a8e64eaefb8aacfe6c35de98f42
  languageName: node
  linkType: hard

"@types/readable-stream@npm:^2.3.11":
  version: 2.3.13
  resolution: "@types/readable-stream@npm:2.3.13"
  dependencies:
    "@types/node": "*"
    safe-buffer: "*"
  checksum: 70ccd78e67c6f2b9a66c2329004f394bf62e0a72c973f3c75effe16b9b23d0a982a6eaf1cbe1bd32d16a279b712efca5a8c8715afe696d0edd5511742bea8e49
  languageName: node
  linkType: hard

"@types/sparqljs@npm:^3.1.3":
  version: 3.1.3
  resolution: "@types/sparqljs@npm:3.1.3"
  dependencies:
    rdf-js: ^4.0.2
  checksum: 0ba18667b51dd7c4bd8ff8d16725257562b3f68fc280c9c970f423b4077ff45a2451f931b9b0b4abc069042a71d6a3acca2124df0f3941d92412f40771eed4e2
  languageName: node
  linkType: hard

"@types/yargs-parser@npm:*":
  version: 21.0.0
  resolution: "@types/yargs-parser@npm:21.0.0"
  checksum: b2f4c8d12ac18a567440379909127cf2cec393daffb73f246d0a25df36ea983b93b7e9e824251f959e9f928cbc7c1aab6728d0a0ff15d6145f66cec2be67d9a2
  languageName: node
  linkType: hard

"@types/yargs@npm:^17.0.2":
  version: 17.0.10
  resolution: "@types/yargs@npm:17.0.10"
  dependencies:
    "@types/yargs-parser": "*"
  checksum: f0673cbfc08e17239dc58952a88350d6c4db04a027a28a06fbad27d87b670e909f9cd9e66f9c64cebdd5071d1096261e33454a55868395f125297e5c50992ca8
  languageName: node
  linkType: hard

"asynciterator@npm:^3.3.0":
  version: 3.4.0
  resolution: "asynciterator@npm:3.4.0"
  checksum: 7157e5b231b6f2bc6980b06d24f4116db6fdb99542f30052d799336b14abc89d19023728a4e4d8ba1b8d052e4803397f31e0eec4b50596de394cc9294aa0d3e1
  languageName: node
  linkType: hard

"axios@npm:^0.21.1":
  version: 0.21.4
  resolution: "axios@npm:0.21.4"
  dependencies:
    follow-redirects: ^1.14.0
  checksum: 44245f24ac971e7458f3120c92f9d66d1fc695e8b97019139de5b0cc65d9b8104647db01e5f46917728edfc0cfd88eb30fc4c55e6053eef4ace76768ce95ff3c
  languageName: node
  linkType: hard

"bluebird@npm:^3.7.2":
  version: 3.7.2
  resolution: "bluebird@npm:3.7.2"
  checksum: 869417503c722e7dc54ca46715f70e15f4d9c602a423a02c825570862d12935be59ed9c7ba34a9b31f186c017c23cac6b54e35446f8353059c101da73eac22ef
  languageName: node
  linkType: hard

"boolbase@npm:^1.0.0":
  version: 1.0.0
  resolution: "boolbase@npm:1.0.0"
  checksum: 3e25c80ef626c3a3487c73dbfc70ac322ec830666c9ad915d11b701142fab25ec1e63eff2c450c74347acfd2de854ccde865cd79ef4db1683f7c7b046ea43bb0
  languageName: node
  linkType: hard

"canonicalize@npm:^1.0.1":
  version: 1.0.8
  resolution: "canonicalize@npm:1.0.8"
  checksum: c31ea64160171bbcd7ac0dc081058fbcff055410a1d532d7b3959e7b02a3001c5d5f4f8bad934ed5246eafc9a928d333cc0c29846c16fb6d0be97b8fb444de3c
  languageName: node
  linkType: hard

"cheerio-select@npm:^2.1.0":
  version: 2.1.0
  resolution: "cheerio-select@npm:2.1.0"
  dependencies:
    boolbase: ^1.0.0
    css-select: ^5.1.0
    css-what: ^6.1.0
    domelementtype: ^2.3.0
    domhandler: ^5.0.3
    domutils: ^3.0.1
  checksum: 843d6d479922f28a6c5342c935aff1347491156814de63c585a6eb73baf7bb4185c1b4383a1195dca0f12e3946d737c7763bcef0b9544c515d905c5c44c5308b
  languageName: node
  linkType: hard

"cheerio@npm:^1.0.0-rc.5":
  version: 1.0.0-rc.11
  resolution: "cheerio@npm:1.0.0-rc.11"
  dependencies:
    cheerio-select: ^2.1.0
    dom-serializer: ^2.0.0
    domhandler: ^5.0.3
    domutils: ^3.0.1
    htmlparser2: ^8.0.1
    parse5: ^7.0.0
    parse5-htmlparser2-tree-adapter: ^7.0.0
    tslib: ^2.4.0
  checksum: 7619edcbecafb70ca6ca842ce149307a84e8d451432a888d82959b2aa04e2090701658f25eac75821e0832cc1305bdbcf02f17175102fc1723f119f3c9ece17a
  languageName: node
  linkType: hard

"colors@npm:^1.4.0":
  version: 1.4.0
  resolution: "colors@npm:1.4.0"
  checksum: 98aa2c2418ad87dedf25d781be69dc5fc5908e279d9d30c34d8b702e586a0474605b3a189511482b9d5ed0d20c867515d22749537f7bc546256c6014f3ebdcec
  languageName: node
  linkType: hard

"content-type@npm:^1.0.4":
  version: 1.0.4
  resolution: "content-type@npm:1.0.4"
  checksum: 3d93585fda985d1554eca5ebd251994327608d2e200978fdbfba21c0c679914d5faf266d17027de44b34a72c7b0745b18584ecccaa7e1fdfb6a68ac7114f12e0
  languageName: node
  linkType: hard

"cross-fetch@npm:^3.0.5, cross-fetch@npm:^3.0.6":
  version: 3.1.5
  resolution: "cross-fetch@npm:3.1.5"
  dependencies:
    node-fetch: 2.6.7
  checksum: f6b8c6ee3ef993ace6277fd789c71b6acf1b504fd5f5c7128df4ef2f125a429e29cd62dc8c127523f04a5f2fa4771ed80e3f3d9695617f441425045f505cf3bb
  languageName: node
  linkType: hard

"css-select@npm:^5.1.0":
  version: 5.1.0
  resolution: "css-select@npm:5.1.0"
  dependencies:
    boolbase: ^1.0.0
    css-what: ^6.1.0
    domhandler: ^5.0.2
    domutils: ^3.0.1
    nth-check: ^2.0.1
  checksum: 2772c049b188d3b8a8159907192e926e11824aea525b8282981f72ba3f349cf9ecd523fdf7734875ee2cb772246c22117fc062da105b6d59afe8dcd5c99c9bda
  languageName: node
  linkType: hard

"css-what@npm:^6.1.0":
  version: 6.1.0
  resolution: "css-what@npm:6.1.0"
  checksum: b975e547e1e90b79625918f84e67db5d33d896e6de846c9b584094e529f0c63e2ab85ee33b9daffd05bff3a146a1916bec664e18bb76dd5f66cbff9fc13b2bbe
  languageName: node
  linkType: hard

"denque@npm:^1.5.0":
  version: 1.5.1
  resolution: "denque@npm:1.5.1"
  checksum: 4375ad19d5cea99f90effa82a8cecdaa10f4eb261fbcd7e47cd753ff2737f037aac8f7f4e031cc77f3966314c491c86a0d3b20c128aeee57f791b4662c45108e
  languageName: node
  linkType: hard

"derzis-worker@workspace:.":
  version: 0.0.0-use.local
  resolution: "derzis-worker@workspace:."
  dependencies:
    axios: ^0.21.1
    bluebird: ^3.7.2
    cheerio: ^1.0.0-rc.5
    colors: ^1.4.0
    content-type: ^1.0.4
    http-link-header: ^1.0.3
    n3: ^1.8.1
    parse-link-header: 2.0.0
    rdf-parse: ^2.0.0
    redis: ^3.0.2
    robots-parser: ^2.2.0
    streamify-string: ^1.0.1
    uuid: ^8.3.2
  languageName: unknown
  linkType: soft

"dom-serializer@npm:^1.0.1":
  version: 1.4.1
  resolution: "dom-serializer@npm:1.4.1"
  dependencies:
    domelementtype: ^2.0.1
    domhandler: ^4.2.0
    entities: ^2.0.0
  checksum: fbb0b01f87a8a2d18e6e5a388ad0f7ec4a5c05c06d219377da1abc7bb0f674d804f4a8a94e3f71ff15f6cb7dcfc75704a54b261db672b9b3ab03da6b758b0b22
  languageName: node
  linkType: hard

"dom-serializer@npm:^2.0.0":
  version: 2.0.0
  resolution: "dom-serializer@npm:2.0.0"
  dependencies:
    domelementtype: ^2.3.0
    domhandler: ^5.0.2
    entities: ^4.2.0
  checksum: cd1810544fd8cdfbd51fa2c0c1128ec3a13ba92f14e61b7650b5de421b88205fd2e3f0cc6ace82f13334114addb90ed1c2f23074a51770a8e9c1273acbc7f3e6
  languageName: node
  linkType: hard

"domelementtype@npm:^2.0.1, domelementtype@npm:^2.2.0, domelementtype@npm:^2.3.0":
  version: 2.3.0
  resolution: "domelementtype@npm:2.3.0"
  checksum: ee837a318ff702622f383409d1f5b25dd1024b692ef64d3096ff702e26339f8e345820f29a68bcdcea8cfee3531776b3382651232fbeae95612d6f0a75efb4f6
  languageName: node
  linkType: hard

"domhandler@npm:^4.0.0, domhandler@npm:^4.2.0, domhandler@npm:^4.2.2":
  version: 4.3.1
  resolution: "domhandler@npm:4.3.1"
  dependencies:
    domelementtype: ^2.2.0
  checksum: 4c665ceed016e1911bf7d1dadc09dc888090b64dee7851cccd2fcf5442747ec39c647bb1cb8c8919f8bbdd0f0c625a6bafeeed4b2d656bbecdbae893f43ffaaa
  languageName: node
  linkType: hard

"domhandler@npm:^5.0.1, domhandler@npm:^5.0.2, domhandler@npm:^5.0.3":
  version: 5.0.3
  resolution: "domhandler@npm:5.0.3"
  dependencies:
    domelementtype: ^2.3.0
  checksum: 0f58f4a6af63e6f3a4320aa446d28b5790a009018707bce2859dcb1d21144c7876482b5188395a188dfa974238c019e0a1e610d2fc269a12b2c192ea2b0b131c
  languageName: node
  linkType: hard

"domutils@npm:^2.5.2, domutils@npm:^2.8.0":
  version: 2.8.0
  resolution: "domutils@npm:2.8.0"
  dependencies:
    dom-serializer: ^1.0.1
    domelementtype: ^2.2.0
    domhandler: ^4.2.0
  checksum: abf7434315283e9aadc2a24bac0e00eab07ae4313b40cc239f89d84d7315ebdfd2fb1b5bf750a96bc1b4403d7237c7b2ebf60459be394d625ead4ca89b934391
  languageName: node
  linkType: hard

"domutils@npm:^3.0.1":
  version: 3.0.1
  resolution: "domutils@npm:3.0.1"
  dependencies:
    dom-serializer: ^2.0.0
    domelementtype: ^2.3.0
    domhandler: ^5.0.1
  checksum: 23aa7a840572d395220e173cb6263b0d028596e3950100520870a125af33ff819e6f609e1606d6f7d73bd9e7feb03bb404286e57a39063b5384c62b724d987b3
  languageName: node
  linkType: hard

"entities@npm:^2.0.0":
  version: 2.2.0
  resolution: "entities@npm:2.2.0"
  checksum: 19010dacaf0912c895ea262b4f6128574f9ccf8d4b3b65c7e8334ad0079b3706376360e28d8843ff50a78aabcb8f08f0a32dbfacdc77e47ed77ca08b713669b3
  languageName: node
  linkType: hard

"entities@npm:^3.0.1":
  version: 3.0.1
  resolution: "entities@npm:3.0.1"
  checksum: aaf7f12033f0939be91f5161593f853f2da55866db55ccbf72f45430b8977e2b79dbd58c53d0fdd2d00bd7d313b75b0968d09f038df88e308aa97e39f9456572
  languageName: node
  linkType: hard

"entities@npm:^4.2.0, entities@npm:^4.3.0":
  version: 4.3.0
  resolution: "entities@npm:4.3.0"
  checksum: f6abacfe1f4ee06a98aae713ed0b97d4dbd1fcd4c90840d16c6c7535a4e34df1445614c987b7b359ab8362823f050158b8fd435652f0ac18c45683174cbec6ce
  languageName: node
  linkType: hard

"fast-deep-equal@npm:^3.1.3":
  version: 3.1.3
  resolution: "fast-deep-equal@npm:3.1.3"
  checksum: e21a9d8d84f53493b6aa15efc9cfd53dd5b714a1f23f67fb5dc8f574af80df889b3bce25dc081887c6d25457cce704e636395333abad896ccdec03abaf1f3f9d
  languageName: node
  linkType: hard

"follow-redirects@npm:^1.14.0":
  version: 1.15.0
  resolution: "follow-redirects@npm:1.15.0"
  peerDependenciesMeta:
    debug:
      optional: true
  checksum: eaec81c3e0ae57aae2422e38ad3539d0e7279b3a63f9681eeea319bb683dea67502c4e097136b8ce9721542b4e236e092b6b49e34e326cdd7733c274f0a3f378
  languageName: node
  linkType: hard

"hash.js@npm:^1.1.7":
  version: 1.1.7
  resolution: "hash.js@npm:1.1.7"
  dependencies:
    inherits: ^2.0.3
    minimalistic-assert: ^1.0.1
  checksum: e350096e659c62422b85fa508e4b3669017311aa4c49b74f19f8e1bc7f3a54a584fdfd45326d4964d6011f2b2d882e38bea775a96046f2a61b7779a979629d8f
  languageName: node
  linkType: hard

"htmlparser2@npm:^6.0.0":
  version: 6.1.0
  resolution: "htmlparser2@npm:6.1.0"
  dependencies:
    domelementtype: ^2.0.1
    domhandler: ^4.0.0
    domutils: ^2.5.2
    entities: ^2.0.0
  checksum: 81a7b3d9c3bb9acb568a02fc9b1b81ffbfa55eae7f1c41ae0bf840006d1dbf54cb3aa245b2553e2c94db674840a9f0fdad7027c9a9d01a062065314039058c4e
  languageName: node
  linkType: hard

"htmlparser2@npm:^7.0.0":
  version: 7.2.0
  resolution: "htmlparser2@npm:7.2.0"
  dependencies:
    domelementtype: ^2.0.1
    domhandler: ^4.2.2
    domutils: ^2.8.0
    entities: ^3.0.1
  checksum: 96563d9965729cfcb3f5f19c26d013c6831b4cb38d79d8c185e9cd669ea6a9ffe8fb9ccc74d29a068c9078aa0e2767053ed6b19aa32723c41550340d0094bea0
  languageName: node
  linkType: hard

"htmlparser2@npm:^8.0.1":
  version: 8.0.1
  resolution: "htmlparser2@npm:8.0.1"
  dependencies:
    domelementtype: ^2.3.0
    domhandler: ^5.0.2
    domutils: ^3.0.1
    entities: ^4.3.0
  checksum: 06d5c71e8313597722bc429ae2a7a8333d77bd3ab07ccb916628384b37332027b047f8619448d8f4a3312b6609c6ea3302a4e77435d859e9e686999e6699ca39
  languageName: node
  linkType: hard

"http-link-header@npm:^1.0.2, http-link-header@npm:^1.0.3":
  version: 1.0.4
  resolution: "http-link-header@npm:1.0.4"
  checksum: d19c10a37fd326889ba91cca37a2f6c78d4b5d2260e0b8fbdf9bebea6518ce4169b5d322ea2b64648595701348b8ed07fba6748c56b07ee2be87d34667371dfc
  languageName: node
  linkType: hard

"immutable@npm:^4.0.0":
  version: 4.0.0
  resolution: "immutable@npm:4.0.0"
  checksum: 4b5e9181e4d5fa06728a481835ec09c86367e5d03268666c95b522b7644ab891098022e4479a43c4c81a68f2ed82f10751ce5d33e208d7b873b6e7f9dfaf4d87
  languageName: node
  linkType: hard

"inherits@npm:^2.0.3":
  version: 2.0.4
  resolution: "inherits@npm:2.0.4"
  checksum: 4a48a733847879d6cf6691860a6b1e3f0f4754176e4d71494c41f3475553768b10f84b5ce1d40fbd0e34e6bfbb864ee35858ad4dd2cf31e02fc4a154b724d7f1
  languageName: node
  linkType: hard

"is-stream@npm:^1.1.0":
  version: 1.1.0
  resolution: "is-stream@npm:1.1.0"
  checksum: 063c6bec9d5647aa6d42108d4c59723d2bd4ae42135a2d4db6eadbd49b7ea05b750fd69d279e5c7c45cf9da753ad2c00d8978be354d65aa9f6bb434969c6a2ae
  languageName: node
  linkType: hard

"is-stream@npm:^2.0.0":
  version: 2.0.1
  resolution: "is-stream@npm:2.0.1"
  checksum: b8e05ccdf96ac330ea83c12450304d4a591f9958c11fd17bed240af8d5ffe08aedafa4c0f4cfccd4d28dc9d4d129daca1023633d5c11601a6cbc77521f6fae66
  languageName: node
  linkType: hard

"jsonld-context-parser@npm:^2.1.3, jsonld-context-parser@npm:^2.1.5":
  version: 2.1.5
  resolution: "jsonld-context-parser@npm:2.1.5"
  dependencies:
    "@types/http-link-header": ^1.0.1
    "@types/node": ^13.1.0
    canonicalize: ^1.0.1
    cross-fetch: ^3.0.6
    http-link-header: ^1.0.2
    relative-to-absolute-iri: ^1.0.5
  bin:
    jsonld-context-parse: bin/jsonld-context-parse.js
  checksum: f625ed8d395a94f6d18066f06270c437b4fd20e54082fdd5acdfdfd459f87f07bcb6121828a0f77ac324cbeace438b8dd2690464337bc3f4b1b4fec5b9a1e20b
  languageName: node
  linkType: hard

"jsonld-streaming-parser@npm:^2.4.2":
  version: 2.4.3
  resolution: "jsonld-streaming-parser@npm:2.4.3"
  dependencies:
    "@rdfjs/types": "*"
    "@types/http-link-header": ^1.0.1
    canonicalize: ^1.0.1
    http-link-header: ^1.0.2
    jsonld-context-parser: ^2.1.3
    jsonparse: ^1.3.1
    rdf-data-factory: ^1.1.0
  checksum: 9fc49e0b9a6be4afb5f873f923820c2c7d80f84ab5a7c0f8b556c9a61e39fdf8f5d40b040e73c8a03f0589a06128c0fabf0b605cd99894094a512742059228ac
  languageName: node
  linkType: hard

"jsonparse@npm:^1.3.1":
  version: 1.3.1
  resolution: "jsonparse@npm:1.3.1"
  checksum: 6514a7be4674ebf407afca0eda3ba284b69b07f9958a8d3113ef1005f7ec610860c312be067e450c569aab8b89635e332cee3696789c750692bb60daba627f4d
  languageName: node
  linkType: hard

"microdata-rdf-streaming-parser@npm:^1.2.0":
  version: 1.2.0
  resolution: "microdata-rdf-streaming-parser@npm:1.2.0"
  dependencies:
    "@rdfjs/types": "*"
    htmlparser2: ^6.0.0
    rdf-data-factory: ^1.1.0
    relative-to-absolute-iri: ^1.0.2
  checksum: 006db9b1016b1334406b0863981bee0390c5bb565c8a3d7affef67969649be697481e4350972f256b1836ae7634147e294adeb89802ec4d10cc75c785a179f3a
  languageName: node
  linkType: hard

"minimalistic-assert@npm:^1.0.1":
  version: 1.0.1
  resolution: "minimalistic-assert@npm:1.0.1"
  checksum: cc7974a9268fbf130fb055aff76700d7e2d8be5f761fb5c60318d0ed010d839ab3661a533ad29a5d37653133385204c503bfac995aaa4236f4e847461ea32ba7
  languageName: node
  linkType: hard

"minimist@npm:^1.2.5":
  version: 1.2.6
  resolution: "minimist@npm:1.2.6"
  checksum: d15428cd1e11eb14e1233bcfb88ae07ed7a147de251441d61158619dfb32c4d7e9061d09cab4825fdee18ecd6fce323228c8c47b5ba7cd20af378ca4048fb3fb
  languageName: node
  linkType: hard

"n3@npm:^1.6.3, n3@npm:^1.8.1":
  version: 1.16.2
  resolution: "n3@npm:1.16.2"
  dependencies:
    queue-microtask: ^1.1.2
    readable-stream: ^3.6.0
  checksum: 55efceafe4700e7abcd602cf5c88bba6f487c174ec43c9b05ddef57ed97d015f98646a67292d015d703b26da5d5d00add57372fe9abea8ac589d8fbae838c74c
  languageName: node
  linkType: hard

"node-fetch@npm:2.6.7":
  version: 2.6.7
  resolution: "node-fetch@npm:2.6.7"
  dependencies:
    whatwg-url: ^5.0.0
  peerDependencies:
    encoding: ^0.1.0
  peerDependenciesMeta:
    encoding:
      optional: true
  checksum: 8d816ffd1ee22cab8301c7756ef04f3437f18dace86a1dae22cf81db8ef29c0bf6655f3215cb0cdb22b420b6fe141e64b26905e7f33f9377a7fa59135ea3e10b
  languageName: node
  linkType: hard

"nth-check@npm:^2.0.1":
  version: 2.0.1
  resolution: "nth-check@npm:2.0.1"
  dependencies:
    boolbase: ^1.0.0
  checksum: 5386d035c48438ff304fe687704d93886397349d1bed136de97aeae464caba10e8ffac55a04b215b86b3bc8897f33e0a5aa1045a9d8b2f251ae61b2a3ad3e450
  languageName: node
  linkType: hard

"parse-link-header@npm:2.0.0":
  version: 2.0.0
  resolution: "parse-link-header@npm:2.0.0"
  dependencies:
    xtend: ~4.0.1
  checksum: 0e96c6af9910e8f92084b49b8dc6a10dd58db470847d1499f562576180c1ac5e49d18007697f0d538e5f3efdc8ce1d8777641f3ae225302b74af0dd0578b628e
  languageName: node
  linkType: hard

"parse5-htmlparser2-tree-adapter@npm:^7.0.0":
  version: 7.0.0
  resolution: "parse5-htmlparser2-tree-adapter@npm:7.0.0"
  dependencies:
    domhandler: ^5.0.2
    parse5: ^7.0.0
  checksum: fc5d01e07733142a1baf81de5c2a9c41426c04b7ab29dd218acb80cd34a63177c90aff4a4aee66cf9f1d0aeecff1389adb7452ad6f8af0a5888e3e9ad6ef733d
  languageName: node
  linkType: hard

"parse5@npm:^7.0.0":
  version: 7.0.0
  resolution: "parse5@npm:7.0.0"
  dependencies:
    entities: ^4.3.0
  checksum: 7da5d61cc18eb36ffa71fc861e65cbfd1f23d96483a6631254e627be667dbc9c93ac0b0e6cb17a13a2e4033dab19bfb2f76f38e5936cfb57240ed49036a83fcc
  languageName: node
  linkType: hard

"promise-polyfill@npm:^1.1.6":
  version: 1.1.6
  resolution: "promise-polyfill@npm:1.1.6"
  checksum: 84a07ab5a34395ca7dbf104f9e4d89b8dc2853e9e441a3c997a246c1af1e634d49cddc8be4d201440911a2a4912f8f60e1d9331da0d64ac16edb8787f15bb62e
  languageName: node
  linkType: hard

"queue-microtask@npm:^1.1.2":
  version: 1.2.3
  resolution: "queue-microtask@npm:1.2.3"
  checksum: b676f8c040cdc5b12723ad2f91414d267605b26419d5c821ff03befa817ddd10e238d22b25d604920340fd73efd8ba795465a0377c4adf45a4a41e4234e42dc4
  languageName: node
  linkType: hard

"rdf-data-factory@npm:^1.0.4, rdf-data-factory@npm:^1.1.0":
  version: 1.1.0
  resolution: "rdf-data-factory@npm:1.1.0"
  dependencies:
    "@rdfjs/types": "*"
  checksum: 32b90a1ee3e6ddd5e9c32c377f77ffd9bd68b5dbfe2bfce725d86b9ef759fb8172ea001a4e513622ebf629c93012f76edba7214f933518f0a068ea670a4272f6
  languageName: node
  linkType: hard

"rdf-isomorphic@npm:^1.3.0":
  version: 1.3.0
  resolution: "rdf-isomorphic@npm:1.3.0"
  dependencies:
    "@rdfjs/types": "*"
    hash.js: ^1.1.7
    rdf-string: ^1.6.0
    rdf-terms: ^1.7.0
  checksum: 48e2311a1673e949c797fd53646f3937fd6cc94d9a198943d7121a1fad2396004c9099e62a69ce9a9971b0c0c72769c1bc5799a4a41d86327dea8b05c3756089
  languageName: node
  linkType: hard

"rdf-js@npm:^4.0.2":
  version: 4.0.2
  resolution: "rdf-js@npm:4.0.2"
  dependencies:
    "@rdfjs/types": "*"
  checksum: 31412e4753d2c650ff4f5eb104e8ac0ec60b543f506f4f58d3f5b1f257a85d005c0ee6ffde9a42d69a26d601262fe2b937a2322d974fd6599270b70faec77604
  languageName: node
  linkType: hard

"rdf-parse@npm:^2.0.0":
  version: 2.0.0
  resolution: "rdf-parse@npm:2.0.0"
  dependencies:
    "@comunica/actor-http-fetch": ^2.0.1
    "@comunica/actor-http-proxy": ^2.0.1
    "@comunica/actor-rdf-parse-html": ^2.0.1
    "@comunica/actor-rdf-parse-html-microdata": ^2.0.1
    "@comunica/actor-rdf-parse-html-rdfa": ^2.0.1
    "@comunica/actor-rdf-parse-html-script": ^2.0.1
    "@comunica/actor-rdf-parse-jsonld": ^2.0.1
    "@comunica/actor-rdf-parse-n3": ^2.0.1
    "@comunica/actor-rdf-parse-rdfxml": ^2.0.1
    "@comunica/actor-rdf-parse-xml-rdfa": ^2.0.1
    "@comunica/bus-http": ^2.0.1
    "@comunica/bus-init": ^2.0.1
    "@comunica/bus-rdf-parse": ^2.0.1
    "@comunica/bus-rdf-parse-html": ^2.0.1
    "@comunica/config-query-sparql": ^2.0.1
    "@comunica/core": ^2.0.1
    "@comunica/mediator-combine-pipeline": ^2.0.1
    "@comunica/mediator-combine-union": ^2.0.1
    "@comunica/mediator-number": ^2.0.1
    "@comunica/mediator-race": ^2.0.1
    "@rdfjs/types": "*"
    stream-to-string: ^1.2.0
  checksum: 252317223633678834625a95cc086d14b9ae998996fdcb3419b465e3cff235ba13d402d03812da8f14eb88ed46e1b0397d247dd59d1d41f499de1288098693db
  languageName: node
  linkType: hard

"rdf-string@npm:^1.6.0":
  version: 1.6.0
  resolution: "rdf-string@npm:1.6.0"
  dependencies:
    "@rdfjs/types": "*"
    rdf-data-factory: ^1.1.0
  checksum: 79734faea95e0bac5b78276047f30437e069cbcb5856ba3c63f08dbd9f35c37d11f34df176a13898372c3d37be9c4c265263ab63a5b962acefec75215dc0368c
  languageName: node
  linkType: hard

"rdf-terms@npm:^1.7.0":
  version: 1.8.2
  resolution: "rdf-terms@npm:1.8.2"
  dependencies:
    "@rdfjs/types": "*"
    rdf-data-factory: ^1.1.0
    rdf-string: ^1.6.0
  checksum: a5c678b9b6ebbe2ec0cc05d871b483140c075c459b0f8a3c36a9ce6e85b5150d43e9966c592542f7f453c92a68c53a34978a80ac8284ed689ec5c6915d2a0fc9
  languageName: node
  linkType: hard

"rdfa-streaming-parser@npm:^1.5.0":
  version: 1.5.0
  resolution: "rdfa-streaming-parser@npm:1.5.0"
  dependencies:
    "@rdfjs/types": "*"
    htmlparser2: ^6.0.0
    rdf-data-factory: ^1.1.0
    relative-to-absolute-iri: ^1.0.2
  checksum: 5f04c6a09cf7a8ad205aa5641a5735b6c578ae167a3651cc60fe9c24510e776f9025456442ba917e5b93d1b5360ffd67e2924a1cae990e647a5e9654eed03acb
  languageName: node
  linkType: hard

"rdfxml-streaming-parser@npm:^1.5.0":
  version: 1.5.0
  resolution: "rdfxml-streaming-parser@npm:1.5.0"
  dependencies:
    "@rdfjs/types": "*"
    rdf-data-factory: ^1.1.0
    relative-to-absolute-iri: ^1.0.0
    sax: ^1.2.4
  checksum: 9b0c9f7d4c9f6a48e21e4d16fb8da1d07addae86ca2e7017836b21d1a26e09bbe26a7fd3f73cc70024ef3f08268803decda1c85b75cb6f4d0c03edc4a4a9f1d2
  languageName: node
  linkType: hard

"readable-stream-node-to-web@npm:^1.0.1":
  version: 1.0.1
  resolution: "readable-stream-node-to-web@npm:1.0.1"
  checksum: 36cf32aa844c5de00a4bff22513583472aeeb39390bf9a2ae95ae87649e9fce85f0091a336abc71703290f0ddb7d332e78b8eb423a531a8902a6493954fa715b
  languageName: node
  linkType: hard

"readable-stream@npm:^3.6.0":
  version: 3.6.0
  resolution: "readable-stream@npm:3.6.0"
  dependencies:
    inherits: ^2.0.3
    string_decoder: ^1.1.1
    util-deprecate: ^1.0.1
  checksum: d4ea81502d3799439bb955a3a5d1d808592cf3133350ed352aeaa499647858b27b1c4013984900238b0873ec8d0d8defce72469fb7a83e61d53f5ad61cb80dc8
  languageName: node
  linkType: hard

"readable-web-to-node-stream@npm:^3.0.2":
  version: 3.0.2
  resolution: "readable-web-to-node-stream@npm:3.0.2"
  dependencies:
    readable-stream: ^3.6.0
  checksum: 8c56cc62c68513425ddfa721954875b382768f83fa20e6b31e365ee00cbe7a3d6296f66f7f1107b16cd3416d33aa9f1680475376400d62a081a88f81f0ea7f9c
  languageName: node
  linkType: hard

"redis-commands@npm:^1.7.0":
  version: 1.7.0
  resolution: "redis-commands@npm:1.7.0"
  checksum: d1ff7fbcb5e54768c77f731f1d49679d2a62c3899522c28addb4e2e5813aea8bcac3f22519d71d330224c3f2937f935dfc3d8dc65e90db0f5fe22dc2c1515aa7
  languageName: node
  linkType: hard

"redis-errors@npm:^1.0.0, redis-errors@npm:^1.2.0":
  version: 1.2.0
  resolution: "redis-errors@npm:1.2.0"
  checksum: f28ac2692113f6f9c222670735aa58aeae413464fd58ccf3fce3f700cae7262606300840c802c64f2b53f19f65993da24dc918afc277e9e33ac1ff09edb394f4
  languageName: node
  linkType: hard

"redis-parser@npm:^3.0.0":
  version: 3.0.0
  resolution: "redis-parser@npm:3.0.0"
  dependencies:
    redis-errors: ^1.0.0
  checksum: 89290ae530332f2ae37577647fa18208d10308a1a6ba750b9d9a093e7398f5e5253f19855b64c98757f7129cccce958e4af2573fdc33bad41405f87f1943459a
  languageName: node
  linkType: hard

"redis@npm:^3.0.2":
  version: 3.1.2
  resolution: "redis@npm:3.1.2"
  dependencies:
    denque: ^1.5.0
    redis-commands: ^1.7.0
    redis-errors: ^1.2.0
    redis-parser: ^3.0.0
  checksum: baec42198626b22d2dfc063b6a6f30394daee994c21f380e58ecf91c3edee333c4e32907c30f082fe66d2177695f7b2567902eef399ecb22da3e199ea6363a30
  languageName: node
  linkType: hard

"relative-to-absolute-iri@npm:^1.0.0, relative-to-absolute-iri@npm:^1.0.2, relative-to-absolute-iri@npm:^1.0.5":
  version: 1.0.6
  resolution: "relative-to-absolute-iri@npm:1.0.6"
  checksum: cdc0074207eec6dcf830627e505e819642d1562a248c2ffe9d2baaec7b627a4a5d08a32fae3e2f0bb6cef1e90bf447948cc344db36fed5a76576908fa12dde90
  languageName: node
  linkType: hard

"robots-parser@npm:^2.2.0":
  version: 2.4.0
  resolution: "robots-parser@npm:2.4.0"
  checksum: 9d1f63c53a6fa54ece72da40130da7dd3bddc26da151a2eee94994325bfc00162c170a1f01d7cc79a1f0236aebc856d743a9f85316467bbcd0b26a169cac8a3d
  languageName: node
  linkType: hard

"safe-buffer@npm:*, safe-buffer@npm:~5.2.0":
  version: 5.2.1
  resolution: "safe-buffer@npm:5.2.1"
  checksum: b99c4b41fdd67a6aaf280fcd05e9ffb0813654894223afb78a31f14a19ad220bba8aba1cb14eddce1fcfb037155fe6de4e861784eb434f7d11ed58d1e70dd491
  languageName: node
  linkType: hard

"sax@npm:^1.2.4":
  version: 1.2.4
  resolution: "sax@npm:1.2.4"
  checksum: d3df7d32b897a2c2f28e941f732c71ba90e27c24f62ee918bd4d9a8cfb3553f2f81e5493c7f0be94a11c1911b643a9108f231dd6f60df3fa9586b5d2e3e9e1fe
  languageName: node
  linkType: hard

"sparqlalgebrajs@npm:^4.0.0":
  version: 4.0.2
  resolution: "sparqlalgebrajs@npm:4.0.2"
  dependencies:
    "@rdfjs/types": "*"
    "@types/sparqljs": ^3.1.3
    fast-deep-equal: ^3.1.3
    minimist: ^1.2.5
    rdf-data-factory: ^1.1.0
    rdf-isomorphic: ^1.3.0
    rdf-string: ^1.6.0
    sparqljs: ^3.5.1
  bin:
    sparqlalgebrajs: bin/sparqlalgebrajs.js
  checksum: 695e3d427ea0b8caa8371fbde56ae2a180932b28771eac33b7813c757ee9ae7b2450bd64f791959066f77770de06ef024d6db4d58fe13c83ba5867299213507d
  languageName: node
  linkType: hard

"sparqljs@npm:^3.5.1":
  version: 3.5.1
  resolution: "sparqljs@npm:3.5.1"
  dependencies:
    rdf-data-factory: ^1.0.4
  bin:
    sparqljs: bin/sparql-to-json
  checksum: 044c3ddaf070fbcd08f33d1498fbc36d33e62e92440f07559e163ddc0d07ed187f08b0f91982f8995cf678dcf914983263690608b5b0ba1ca3084946be0c8a31
  languageName: node
  linkType: hard

"stream-to-string@npm:^1.2.0":
  version: 1.2.0
  resolution: "stream-to-string@npm:1.2.0"
  dependencies:
    promise-polyfill: ^1.1.6
  checksum: d7a5c7575e4c1f61de440e788a46019d92e3558e011848a5cd0d25ad5e6044ec73e35034c3cc8a9be651289c08bb101b65293e77ba678457448ee486744f3639
  languageName: node
  linkType: hard

"streamify-string@npm:^1.0.1":
  version: 1.0.1
  resolution: "streamify-string@npm:1.0.1"
  checksum: 5637d10d30907875ce194e468f11a5252bd76f8c991f2bb46cddfe794cdeff82d6faad4afa5325b397ad78ca6222053a0235d7769b48a45e03de3c637bc5fd8f
  languageName: node
  linkType: hard

"string_decoder@npm:^1.1.1":
  version: 1.3.0
  resolution: "string_decoder@npm:1.3.0"
  dependencies:
    safe-buffer: ~5.2.0
  checksum: 8417646695a66e73aefc4420eb3b84cc9ffd89572861fe004e6aeb13c7bc00e2f616247505d2dbbef24247c372f70268f594af7126f43548565c68c117bdeb56
  languageName: node
  linkType: hard

"tr46@npm:~0.0.3":
  version: 0.0.3
  resolution: "tr46@npm:0.0.3"
  checksum: 726321c5eaf41b5002e17ffbd1fb7245999a073e8979085dacd47c4b4e8068ff5777142fc6726d6ca1fd2ff16921b48788b87225cbc57c72636f6efa8efbffe3
  languageName: node
  linkType: hard

"tslib@npm:^2.4.0":
  version: 2.4.0
  resolution: "tslib@npm:2.4.0"
  checksum: 8c4aa6a3c5a754bf76aefc38026134180c053b7bd2f81338cb5e5ebf96fefa0f417bff221592bf801077f5bf990562f6264fecbc42cd3309b33872cb6fc3b113
  languageName: node
  linkType: hard

"util-deprecate@npm:^1.0.1":
  version: 1.0.2
  resolution: "util-deprecate@npm:1.0.2"
  checksum: 474acf1146cb2701fe3b074892217553dfcf9a031280919ba1b8d651a068c9b15d863b7303cb15bd00a862b498e6cf4ad7b4a08fb134edd5a6f7641681cb54a2
  languageName: node
  linkType: hard

"uuid@npm:^8.3.2":
  version: 8.3.2
  resolution: "uuid@npm:8.3.2"
  bin:
    uuid: dist/bin/uuid
  checksum: 5575a8a75c13120e2f10e6ddc801b2c7ed7d8f3c8ac22c7ed0c7b2ba6383ec0abda88c905085d630e251719e0777045ae3236f04c812184b7c765f63a70e58df
  languageName: node
  linkType: hard

"web-streams-node@npm:^0.4.0":
  version: 0.4.0
  resolution: "web-streams-node@npm:0.4.0"
  dependencies:
    is-stream: ^1.1.0
    readable-stream-node-to-web: ^1.0.1
    web-streams-ponyfill: ^1.4.1
  checksum: 25ca7c864bdb49d5db487784872f8095953590b2f0ec8a6230a61eb80ae0d315105eeded87f6c3807982c905b8ef70ef53b155a8934841fdf6cb743e28a6331a
  languageName: node
  linkType: hard

"web-streams-ponyfill@npm:^1.4.1":
  version: 1.4.2
  resolution: "web-streams-ponyfill@npm:1.4.2"
  checksum: 4ffc1f3bf2276f2ca617f183c1f349d0747fff456dd26f3b67da64a2def24d3efd6c64b68c257457cd7dee4d56038b86db14413f6fcf9dab1b1735e31cccc5cc
  languageName: node
  linkType: hard

"webidl-conversions@npm:^3.0.0":
  version: 3.0.1
  resolution: "webidl-conversions@npm:3.0.1"
  checksum: c92a0a6ab95314bde9c32e1d0a6dfac83b578f8fa5f21e675bc2706ed6981bc26b7eb7e6a1fab158e5ce4adf9caa4a0aee49a52505d4d13c7be545f15021b17c
  languageName: node
  linkType: hard

"whatwg-url@npm:^5.0.0":
  version: 5.0.0
  resolution: "whatwg-url@npm:5.0.0"
  dependencies:
    tr46: ~0.0.3
    webidl-conversions: ^3.0.0
  checksum: b8daed4ad3356cc4899048a15b2c143a9aed0dfae1f611ebd55073310c7b910f522ad75d727346ad64203d7e6c79ef25eafd465f4d12775ca44b90fa82ed9e2c
  languageName: node
  linkType: hard

"xtend@npm:~4.0.1":
  version: 4.0.2
  resolution: "xtend@npm:4.0.2"
  checksum: ac5dfa738b21f6e7f0dd6e65e1b3155036d68104e67e5d5d1bde74892e327d7e5636a076f625599dc394330a731861e87343ff184b0047fef1360a7ec0a5a36a
  languageName: node
  linkType: hard
